
Microsoft Visual Studio Solution File, Format Version 12.00
# Visual Studio Version 17
VisualStudioVersion = 17.4.33213.308
MinimumVisualStudioVersion = 10.0.40219.1
Project("{9A19103F-16F7-4668-BE54-9A1E7A4F7556}") = "MagicVilla_VillaAPI", "MagicVilla_VillaAPI\MagicVilla_VillaAPI.csproj", "{891B8CDA-EAD5-449E-ACBB-8B6AA6C736FC}"
EndProject
Project("{FAE04EC0-301F-11D3-BF4B-00C04F79EFBC}") = "MagicVilla_Web", "MagicVilla_Web\MagicVilla_Web.csproj", "{E759EA09-F3E2-44B1-9E14-67CECCE2C30B}"
EndProject
Project("{FAE04EC0-301F-11D3-BF4B-00C04F79EFBC}") = "MagicVilla_Utility", "MagicVilla_Utility\MagicVilla_Utility.csproj", "{CA391876-877E-4CFF-8F7D-F72D5EB45C08}"
EndProject
Global
	GlobalSection(SolutionConfigurationPlatforms) = preSolution
		Debug|Any CPU = Debug|Any CPU
		Release|Any CPU = Release|Any CPU
	EndGlobalSection
	GlobalSection(ProjectConfigurationPlatforms) = postSolution
		{891B8CDA-EAD5-449E-ACBB-8B6AA6C736FC}.Debug|Any CPU.ActiveCfg = Debug|Any CPU
		{891B8CDA-EAD5-449E-ACBB-8B6AA6C736FC}.Debug|Any CPU.Build.0 = Debug|Any CPU
		{891B8CDA-EAD5-449E-ACBB-8B6AA6C736FC}.Release|Any CPU.ActiveCfg = Release|Any CPU
		{891B8CDA-EAD5-449E-ACBB-8B6AA6C736FC}.Release|Any CPU.Build.0 = Release|Any CPU
		{E759EA09-F3E2-44B1-9E14-67CECCE2C30B}.Debug|Any CPU.ActiveCfg = Debug|Any CPU
		{E759EA09-F3E2-44B1-9E14-67CECCE2C30B}.Debug|Any CPU.Build.0 = Debug|Any CPU
		{E759EA09-F3E2-44B1-9E14-67CECCE2C30B}.Release|Any CPU.ActiveCfg = Release|Any CPU
		{E759EA09-F3E2-44B1-9E14-67CECCE2C30B}.Release|Any CPU.Build.0 = Release|Any CPU
		{CA391876-877E-4CFF-8F7D-F72D5EB45C08}.Debug|Any CPU.ActiveCfg = Debug|Any CPU
		{CA391876-877E-4CFF-8F7D-F72D5EB45C08}.Debug|Any CPU.Build.0 = Debug|Any CPU
		{CA391876-877E-4CFF-8F7D-F72D5EB45C08}.Release|Any CPU.ActiveCfg = Release|Any CPU
		{CA391876-877E-4CFF-8F7D-F72D5EB45C08}.Release|Any CPU.Build.0 = Release|Any CPU
	EndGlobalSection
	GlobalSection(SolutionProperties) = preSolution
		HideSolutionNode = FALSE
	EndGlobalSection
	GlobalSection(ExtensibilityGlobals) = postSolution
		SolutionGuid = {36DC4263-3164-42EB-B091-FE42634CF1C5}
	EndGlobalSection
EndGlobal
